
Microsoft Visual Studio Solution File, Format Version 12.00
# Visual Studio Version 17
VisualStudioVersion = 17.8.34408.163
MinimumVisualStudioVersion = 10.0.40219.1
Project("{2150E333-8FDC-42A3-9474-1A3956D46DE8}") = "Çözüm Öğeleri", "Çözüm Öğeleri", "{892AC2F7-17D9-4FFF-B5CC-2D3D25CD3DCE}"
	ProjectSection(SolutionItems) = preProject
		ServiceUrls.txt = ServiceUrls.txt
	EndProjectSection
EndProject
Project("{2150E333-8FDC-42A3-9474-1A3956D46DE8}") = "src", "src", "{9AB141C5-2861-4467-BD34-99221C0BC58D}"
EndProject
Project("{2150E333-8FDC-42A3-9474-1A3956D46DE8}") = "ApiGateways", "ApiGateways", "{B54BFB47-7D6B-4C64-9905-7888304BBCE5}"
EndProject
Project("{2150E333-8FDC-42A3-9474-1A3956D46DE8}") = "Clients", "Clients", "{C1AF7314-D36E-4D1E-BC48-B6013606E5DA}"
EndProject
Project("{2150E333-8FDC-42A3-9474-1A3956D46DE8}") = "Services", "Services", "{BE114CE4-2A91-40EB-B3F1-2AB91E9B0BC8}"
EndProject
Project("{2150E333-8FDC-42A3-9474-1A3956D46DE8}") = "BuildingBlocks", "BuildingBlocks", "{3968D5B2-568A-458F-9263-0ABF7E7B16B0}"
EndProject
Project("{2150E333-8FDC-42A3-9474-1A3956D46DE8}") = "WebApiGateways", "WebApiGateways", "{64F850E0-704B-4588-8641-60B991E48666}"
EndProject
Project("{9A19103F-16F7-4668-BE54-9A1E7A4F7556}") = "WebApi.Gateways", "src\ApiGateways\WebApiGateways\WebApi.Gateways\WebApi.Gateways.csproj", "{428E2874-4761-4925-B7F8-2285E49653E0}"
EndProject
Project("{9A19103F-16F7-4668-BE54-9A1E7A4F7556}") = "EventBus.Base", "src\BuildingBlocks\EventBus.Base\EventBus.Base.csproj", "{419D81E8-62CA-44A7-9E03-5A64720ECD37}"
EndProject
Project("{9A19103F-16F7-4668-BE54-9A1E7A4F7556}") = "EventBus.Factory", "src\BuildingBlocks\EventBus.Factory\EventBus.Factory.csproj", "{F1F654E9-B3EE-4791-88F6-8F1C61081934}"
EndProject
Project("{9A19103F-16F7-4668-BE54-9A1E7A4F7556}") = "EventBus.RabbitMQ", "src\BuildingBlocks\EventBus.RabbitMQ\EventBus.RabbitMQ.csproj", "{DD2EEFA1-13B4-4718-8DD3-105E18BADC22}"
EndProject
Project("{9A19103F-16F7-4668-BE54-9A1E7A4F7556}") = "EventBus.AzureServiceBus", "src\BuildingBlocks\EventBus.AzureServiceBus\EventBus.AzureServiceBus.csproj", "{E9983448-F1AE-411E-B737-6F0A68372868}"
EndProject
Project("{2150E333-8FDC-42A3-9474-1A3956D46DE8}") = "BlazorWebApp", "BlazorWebApp", "{D4E03A5C-4A01-4963-9C7C-275191134487}"
EndProject
Project("{9A19103F-16F7-4668-BE54-9A1E7A4F7556}") = "WebApp", "src\Clients\BlazorWebApp\WebApp\WebApp.csproj", "{1971E6B6-254C-429F-8301-00E07D123946}"
EndProject
Project("{2150E333-8FDC-42A3-9474-1A3956D46DE8}") = "BasketService", "BasketService", "{C1476693-10B7-43AE-A120-D86F27D7E2C7}"
EndProject
Project("{9A19103F-16F7-4668-BE54-9A1E7A4F7556}") = "BasketService.Api", "src\Services\BasketService\BasketService.Api\BasketService.Api.csproj", "{217F09CE-CAB1-4BA7-9912-E0FD26879E09}"
EndProject
Project("{2150E333-8FDC-42A3-9474-1A3956D46DE8}") = "CatalogService", "CatalogService", "{A9BA5883-FCFF-45FA-BF6B-E5E3501171C2}"
EndProject
Project("{9A19103F-16F7-4668-BE54-9A1E7A4F7556}") = "CatalogService.Api", "src\Services\CatalogService\CatalogService.Api\CatalogService.Api.csproj", "{C85FFE0E-3B29-4BB0-83EE-F67C7C0D144C}"
EndProject
Project("{2150E333-8FDC-42A3-9474-1A3956D46DE8}") = "IdentityService", "IdentityService", "{514B3E2B-4BE0-4A72-B442-436DD4F911DC}"
EndProject
Project("{9A19103F-16F7-4668-BE54-9A1E7A4F7556}") = "IdentityService.Api", "src\Services\IdentityService\IdentityService.Api\IdentityService.Api.csproj", "{8E6B9DFD-A9C2-489A-8D37-F8E176755A16}"
EndProject
Project("{2150E333-8FDC-42A3-9474-1A3956D46DE8}") = "NotificationService", "NotificationService", "{1E8FF8A0-2ADC-4F30-920D-27C9F644F3E0}"
EndProject
Project("{9A19103F-16F7-4668-BE54-9A1E7A4F7556}") = "NotificationService", "src\Services\NotificationService\NotificationService\NotificationService.csproj", "{FF55D564-2DD6-48F1-B302-F96AB4CC3253}"
EndProject
Project("{2150E333-8FDC-42A3-9474-1A3956D46DE8}") = "OrderService", "OrderService", "{489AF483-318A-4DC9-A661-F72B95B20DAE}"
EndProject
Project("{9A19103F-16F7-4668-BE54-9A1E7A4F7556}") = "Domain", "src\Services\OrderService\Domain\Domain.csproj", "{96F2F4D8-03B6-4EBA-9E69-8C5A3C238E32}"
EndProject
Project("{9A19103F-16F7-4668-BE54-9A1E7A4F7556}") = "Application", "src\Services\OrderService\Application\Application.csproj", "{14ADB8C8-B500-4A93-891D-FF4181A78515}"
EndProject
Project("{9A19103F-16F7-4668-BE54-9A1E7A4F7556}") = "OrderService.WebApi", "src\Services\OrderService\OrderService.WebApi\OrderService.WebApi.csproj", "{81E561E3-A299-416C-9F58-9AD8AD88277C}"
EndProject
Project("{2150E333-8FDC-42A3-9474-1A3956D46DE8}") = "PaymentService", "PaymentService", "{8C68B652-D3CB-4279-9BDF-FD147B49258E}"
EndProject
Project("{9A19103F-16F7-4668-BE54-9A1E7A4F7556}") = "PaymentService.WebApi", "src\Services\PaymentService\PaymentService.WebApi\PaymentService.WebApi.csproj", "{8A9FE6E3-764F-444A-BD95-777BEAB0058C}"
EndProject
Project("{9A19103F-16F7-4668-BE54-9A1E7A4F7556}") = "Infrastructure", "src\Services\OrderService\Infrastructure\Infrastructure\Infrastructure.csproj", "{4F97E2ED-962E-449A-8236-31F5DE1C8119}"
EndProject
Project("{2150E333-8FDC-42A3-9474-1A3956D46DE8}") = "tests", "tests", "{110DC9D5-3AB8-4815-9E4E-03BFCCBD9E57}"
EndProject
Project("{2150E333-8FDC-42A3-9474-1A3956D46DE8}") = "BuildingBlocks", "BuildingBlocks", "{FDF942CF-12BF-4651-BD7D-64F5C8FEB7C9}"
EndProject
Project("{9A19103F-16F7-4668-BE54-9A1E7A4F7556}") = "EventBus.UnitTest", "tests\BuildingBlocks\EventBus.UnitTest\EventBus.UnitTest.csproj", "{51418B57-221D-4A6F-AD94-F539C7967404}"
EndProject
Project("{2150E333-8FDC-42A3-9474-1A3956D46DE8}") = "core", "core", "{91B417CF-30DE-47B8-9F48-C0F873BC75BE}"
EndProject
Project("{FAE04EC0-301F-11D3-BF4B-00C04F79EFBC}") = "Core.Domain", "core\Core.Domain\Core.Domain.csproj", "{559BD39A-1F5A-4A88-81A6-FD45FFC9DE47}"
EndProject
Project("{FAE04EC0-301F-11D3-BF4B-00C04F79EFBC}") = "Core.Persistance", "core\Core.Persistance\Core.Persistance.csproj", "{B1EDFC35-DA9F-441B-8C37-444714ABC1C3}"
EndProject
Global
	GlobalSection(SolutionConfigurationPlatforms) = preSolution
		Debug|Any CPU = Debug|Any CPU
		Release|Any CPU = Release|Any CPU
	EndGlobalSection
	GlobalSection(ProjectConfigurationPlatforms) = postSolution
		{428E2874-4761-4925-B7F8-2285E49653E0}.Debug|Any CPU.ActiveCfg = Debug|Any CPU
		{428E2874-4761-4925-B7F8-2285E49653E0}.Debug|Any CPU.Build.0 = Debug|Any CPU
		{428E2874-4761-4925-B7F8-2285E49653E0}.Release|Any CPU.ActiveCfg = Release|Any CPU
		{428E2874-4761-4925-B7F8-2285E49653E0}.Release|Any CPU.Build.0 = Release|Any CPU
		{419D81E8-62CA-44A7-9E03-5A64720ECD37}.Debug|Any CPU.ActiveCfg = Debug|Any CPU
		{419D81E8-62CA-44A7-9E03-5A64720ECD37}.Debug|Any CPU.Build.0 = Debug|Any CPU
		{419D81E8-62CA-44A7-9E03-5A64720ECD37}.Release|Any CPU.ActiveCfg = Release|Any CPU
		{419D81E8-62CA-44A7-9E03-5A64720ECD37}.Release|Any CPU.Build.0 = Release|Any CPU
		{F1F654E9-B3EE-4791-88F6-8F1C61081934}.Debug|Any CPU.ActiveCfg = Debug|Any CPU
		{F1F654E9-B3EE-4791-88F6-8F1C61081934}.Debug|Any CPU.Build.0 = Debug|Any CPU
		{F1F654E9-B3EE-4791-88F6-8F1C61081934}.Release|Any CPU.ActiveCfg = Release|Any CPU
		{F1F654E9-B3EE-4791-88F6-8F1C61081934}.Release|Any CPU.Build.0 = Release|Any CPU
		{DD2EEFA1-13B4-4718-8DD3-105E18BADC22}.Debug|Any CPU.ActiveCfg = Debug|Any CPU
		{DD2EEFA1-13B4-4718-8DD3-105E18BADC22}.Debug|Any CPU.Build.0 = Debug|Any CPU
		{DD2EEFA1-13B4-4718-8DD3-105E18BADC22}.Release|Any CPU.ActiveCfg = Release|Any CPU
		{DD2EEFA1-13B4-4718-8DD3-105E18BADC22}.Release|Any CPU.Build.0 = Release|Any CPU
		{E9983448-F1AE-411E-B737-6F0A68372868}.Debug|Any CPU.ActiveCfg = Debug|Any CPU
		{E9983448-F1AE-411E-B737-6F0A68372868}.Debug|Any CPU.Build.0 = Debug|Any CPU
		{E9983448-F1AE-411E-B737-6F0A68372868}.Release|Any CPU.ActiveCfg = Release|Any CPU
		{E9983448-F1AE-411E-B737-6F0A68372868}.Release|Any CPU.Build.0 = Release|Any CPU
		{1971E6B6-254C-429F-8301-00E07D123946}.Debug|Any CPU.ActiveCfg = Debug|Any CPU
		{1971E6B6-254C-429F-8301-00E07D123946}.Debug|Any CPU.Build.0 = Debug|Any CPU
		{1971E6B6-254C-429F-8301-00E07D123946}.Release|Any CPU.ActiveCfg = Release|Any CPU
		{1971E6B6-254C-429F-8301-00E07D123946}.Release|Any CPU.Build.0 = Release|Any CPU
		{217F09CE-CAB1-4BA7-9912-E0FD26879E09}.Debug|Any CPU.ActiveCfg = Debug|Any CPU
		{217F09CE-CAB1-4BA7-9912-E0FD26879E09}.Debug|Any CPU.Build.0 = Debug|Any CPU
		{217F09CE-CAB1-4BA7-9912-E0FD26879E09}.Release|Any CPU.ActiveCfg = Release|Any CPU
		{217F09CE-CAB1-4BA7-9912-E0FD26879E09}.Release|Any CPU.Build.0 = Release|Any CPU
		{C85FFE0E-3B29-4BB0-83EE-F67C7C0D144C}.Debug|Any CPU.ActiveCfg = Debug|Any CPU
		{C85FFE0E-3B29-4BB0-83EE-F67C7C0D144C}.Debug|Any CPU.Build.0 = Debug|Any CPU
		{C85FFE0E-3B29-4BB0-83EE-F67C7C0D144C}.Release|Any CPU.ActiveCfg = Release|Any CPU
		{C85FFE0E-3B29-4BB0-83EE-F67C7C0D144C}.Release|Any CPU.Build.0 = Release|Any CPU
		{8E6B9DFD-A9C2-489A-8D37-F8E176755A16}.Debug|Any CPU.ActiveCfg = Debug|Any CPU
		{8E6B9DFD-A9C2-489A-8D37-F8E176755A16}.Debug|Any CPU.Build.0 = Debug|Any CPU
		{8E6B9DFD-A9C2-489A-8D37-F8E176755A16}.Release|Any CPU.ActiveCfg = Release|Any CPU
		{8E6B9DFD-A9C2-489A-8D37-F8E176755A16}.Release|Any CPU.Build.0 = Release|Any CPU
		{FF55D564-2DD6-48F1-B302-F96AB4CC3253}.Debug|Any CPU.ActiveCfg = Debug|Any CPU
		{FF55D564-2DD6-48F1-B302-F96AB4CC3253}.Debug|Any CPU.Build.0 = Debug|Any CPU
		{FF55D564-2DD6-48F1-B302-F96AB4CC3253}.Release|Any CPU.ActiveCfg = Release|Any CPU
		{FF55D564-2DD6-48F1-B302-F96AB4CC3253}.Release|Any CPU.Build.0 = Release|Any CPU
		{96F2F4D8-03B6-4EBA-9E69-8C5A3C238E32}.Debug|Any CPU.ActiveCfg = Debug|Any CPU
		{96F2F4D8-03B6-4EBA-9E69-8C5A3C238E32}.Debug|Any CPU.Build.0 = Debug|Any CPU
		{96F2F4D8-03B6-4EBA-9E69-8C5A3C238E32}.Release|Any CPU.ActiveCfg = Release|Any CPU
		{96F2F4D8-03B6-4EBA-9E69-8C5A3C238E32}.Release|Any CPU.Build.0 = Release|Any CPU
		{14ADB8C8-B500-4A93-891D-FF4181A78515}.Debug|Any CPU.ActiveCfg = Debug|Any CPU
		{14ADB8C8-B500-4A93-891D-FF4181A78515}.Debug|Any CPU.Build.0 = Debug|Any CPU
		{14ADB8C8-B500-4A93-891D-FF4181A78515}.Release|Any CPU.ActiveCfg = Release|Any CPU
		{14ADB8C8-B500-4A93-891D-FF4181A78515}.Release|Any CPU.Build.0 = Release|Any CPU
		{81E561E3-A299-416C-9F58-9AD8AD88277C}.Debug|Any CPU.ActiveCfg = Debug|Any CPU
		{81E561E3-A299-416C-9F58-9AD8AD88277C}.Debug|Any CPU.Build.0 = Debug|Any CPU
		{81E561E3-A299-416C-9F58-9AD8AD88277C}.Release|Any CPU.ActiveCfg = Release|Any CPU
		{81E561E3-A299-416C-9F58-9AD8AD88277C}.Release|Any CPU.Build.0 = Release|Any CPU
		{8A9FE6E3-764F-444A-BD95-777BEAB0058C}.Debug|Any CPU.ActiveCfg = Debug|Any CPU
		{8A9FE6E3-764F-444A-BD95-777BEAB0058C}.Debug|Any CPU.Build.0 = Debug|Any CPU
		{8A9FE6E3-764F-444A-BD95-777BEAB0058C}.Release|Any CPU.ActiveCfg = Release|Any CPU
		{8A9FE6E3-764F-444A-BD95-777BEAB0058C}.Release|Any CPU.Build.0 = Release|Any CPU
		{4F97E2ED-962E-449A-8236-31F5DE1C8119}.Debug|Any CPU.ActiveCfg = Debug|Any CPU
		{4F97E2ED-962E-449A-8236-31F5DE1C8119}.Debug|Any CPU.Build.0 = Debug|Any CPU
		{4F97E2ED-962E-449A-8236-31F5DE1C8119}.Release|Any CPU.ActiveCfg = Release|Any CPU
		{4F97E2ED-962E-449A-8236-31F5DE1C8119}.Release|Any CPU.Build.0 = Release|Any CPU
		{51418B57-221D-4A6F-AD94-F539C7967404}.Debug|Any CPU.ActiveCfg = Debug|Any CPU
		{51418B57-221D-4A6F-AD94-F539C7967404}.Debug|Any CPU.Build.0 = Debug|Any CPU
		{51418B57-221D-4A6F-AD94-F539C7967404}.Release|Any CPU.ActiveCfg = Release|Any CPU
		{51418B57-221D-4A6F-AD94-F539C7967404}.Release|Any CPU.Build.0 = Release|Any CPU
		{559BD39A-1F5A-4A88-81A6-FD45FFC9DE47}.Debug|Any CPU.ActiveCfg = Debug|Any CPU
		{559BD39A-1F5A-4A88-81A6-FD45FFC9DE47}.Debug|Any CPU.Build.0 = Debug|Any CPU
		{559BD39A-1F5A-4A88-81A6-FD45FFC9DE47}.Release|Any CPU.ActiveCfg = Release|Any CPU
		{559BD39A-1F5A-4A88-81A6-FD45FFC9DE47}.Release|Any CPU.Build.0 = Release|Any CPU
		{B1EDFC35-DA9F-441B-8C37-444714ABC1C3}.Debug|Any CPU.ActiveCfg = Debug|Any CPU
		{B1EDFC35-DA9F-441B-8C37-444714ABC1C3}.Debug|Any CPU.Build.0 = Debug|Any CPU
		{B1EDFC35-DA9F-441B-8C37-444714ABC1C3}.Release|Any CPU.ActiveCfg = Release|Any CPU
		{B1EDFC35-DA9F-441B-8C37-444714ABC1C3}.Release|Any CPU.Build.0 = Release|Any CPU
	EndGlobalSection
	GlobalSection(SolutionProperties) = preSolution
		HideSolutionNode = FALSE
	EndGlobalSection
	GlobalSection(NestedProjects) = preSolution
		{B54BFB47-7D6B-4C64-9905-7888304BBCE5} = {9AB141C5-2861-4467-BD34-99221C0BC58D}
		{C1AF7314-D36E-4D1E-BC48-B6013606E5DA} = {9AB141C5-2861-4467-BD34-99221C0BC58D}
		{BE114CE4-2A91-40EB-B3F1-2AB91E9B0BC8} = {9AB141C5-2861-4467-BD34-99221C0BC58D}
		{3968D5B2-568A-458F-9263-0ABF7E7B16B0} = {9AB141C5-2861-4467-BD34-99221C0BC58D}
		{64F850E0-704B-4588-8641-60B991E48666} = {B54BFB47-7D6B-4C64-9905-7888304BBCE5}
		{428E2874-4761-4925-B7F8-2285E49653E0} = {64F850E0-704B-4588-8641-60B991E48666}
		{419D81E8-62CA-44A7-9E03-5A64720ECD37} = {3968D5B2-568A-458F-9263-0ABF7E7B16B0}
		{F1F654E9-B3EE-4791-88F6-8F1C61081934} = {3968D5B2-568A-458F-9263-0ABF7E7B16B0}
		{DD2EEFA1-13B4-4718-8DD3-105E18BADC22} = {3968D5B2-568A-458F-9263-0ABF7E7B16B0}
		{E9983448-F1AE-411E-B737-6F0A68372868} = {3968D5B2-568A-458F-9263-0ABF7E7B16B0}
		{D4E03A5C-4A01-4963-9C7C-275191134487} = {C1AF7314-D36E-4D1E-BC48-B6013606E5DA}
		{1971E6B6-254C-429F-8301-00E07D123946} = {D4E03A5C-4A01-4963-9C7C-275191134487}
		{C1476693-10B7-43AE-A120-D86F27D7E2C7} = {BE114CE4-2A91-40EB-B3F1-2AB91E9B0BC8}
		{217F09CE-CAB1-4BA7-9912-E0FD26879E09} = {C1476693-10B7-43AE-A120-D86F27D7E2C7}
		{A9BA5883-FCFF-45FA-BF6B-E5E3501171C2} = {BE114CE4-2A91-40EB-B3F1-2AB91E9B0BC8}
		{C85FFE0E-3B29-4BB0-83EE-F67C7C0D144C} = {A9BA5883-FCFF-45FA-BF6B-E5E3501171C2}
		{514B3E2B-4BE0-4A72-B442-436DD4F911DC} = {BE114CE4-2A91-40EB-B3F1-2AB91E9B0BC8}
		{8E6B9DFD-A9C2-489A-8D37-F8E176755A16} = {514B3E2B-4BE0-4A72-B442-436DD4F911DC}
		{1E8FF8A0-2ADC-4F30-920D-27C9F644F3E0} = {BE114CE4-2A91-40EB-B3F1-2AB91E9B0BC8}
		{FF55D564-2DD6-48F1-B302-F96AB4CC3253} = {1E8FF8A0-2ADC-4F30-920D-27C9F644F3E0}
		{489AF483-318A-4DC9-A661-F72B95B20DAE} = {BE114CE4-2A91-40EB-B3F1-2AB91E9B0BC8}
		{96F2F4D8-03B6-4EBA-9E69-8C5A3C238E32} = {489AF483-318A-4DC9-A661-F72B95B20DAE}
		{14ADB8C8-B500-4A93-891D-FF4181A78515} = {489AF483-318A-4DC9-A661-F72B95B20DAE}
		{81E561E3-A299-416C-9F58-9AD8AD88277C} = {489AF483-318A-4DC9-A661-F72B95B20DAE}
		{8C68B652-D3CB-4279-9BDF-FD147B49258E} = {BE114CE4-2A91-40EB-B3F1-2AB91E9B0BC8}
		{8A9FE6E3-764F-444A-BD95-777BEAB0058C} = {8C68B652-D3CB-4279-9BDF-FD147B49258E}
		{4F97E2ED-962E-449A-8236-31F5DE1C8119} = {489AF483-318A-4DC9-A661-F72B95B20DAE}
		{FDF942CF-12BF-4651-BD7D-64F5C8FEB7C9} = {110DC9D5-3AB8-4815-9E4E-03BFCCBD9E57}
		{51418B57-221D-4A6F-AD94-F539C7967404} = {FDF942CF-12BF-4651-BD7D-64F5C8FEB7C9}
		{559BD39A-1F5A-4A88-81A6-FD45FFC9DE47} = {91B417CF-30DE-47B8-9F48-C0F873BC75BE}
		{B1EDFC35-DA9F-441B-8C37-444714ABC1C3} = {91B417CF-30DE-47B8-9F48-C0F873BC75BE}
	EndGlobalSection
	GlobalSection(ExtensibilityGlobals) = postSolution
		SolutionGuid = {10F36216-A1D4-426A-B0C5-B8F8E4F3527F}
	EndGlobalSection
EndGlobal
